
Microsoft Visual Studio Solution File, Format Version 12.00
# Visual Studio Version 17
VisualStudioVersion = 17.13.36105.23
MinimumVisualStudioVersion = 10.0.40219.1
Project("{FAE04EC0-301F-11D3-BF4B-00C04F79EFBC}") = "CarSimulator", "CarSimulator\CarSimulator.csproj", "{77101CD4-A54A-4DB4-B978-C29FC3A9D522}"
EndProject
Project("{FAE04EC0-301F-11D3-BF4B-00C04F79EFBC}") = "Services", "Services\Services.csproj", "{4D731671-313E-4A23-8496-70B91ACC49CC}"
EndProject
Project("{FAE04EC0-301F-11D3-BF4B-00C04F79EFBC}") = "CarSimulator.Tests", "CarSimulator.Tests\CarSimulator.Tests.csproj", "{3C6B14EF-0529-439E-8475-0AF0A209AE05}"
EndProject
Global
	GlobalSection(SolutionConfigurationPlatforms) = preSolution
		Debug|Any CPU = Debug|Any CPU
		Release|Any CPU = Release|Any CPU
	EndGlobalSection
	GlobalSection(ProjectConfigurationPlatforms) = postSolution
		{77101CD4-A54A-4DB4-B978-C29FC3A9D522}.Debug|Any CPU.ActiveCfg = Debug|Any CPU
		{77101CD4-A54A-4DB4-B978-C29FC3A9D522}.Debug|Any CPU.Build.0 = Debug|Any CPU
		{77101CD4-A54A-4DB4-B978-C29FC3A9D522}.Release|Any CPU.ActiveCfg = Release|Any CPU
		{77101CD4-A54A-4DB4-B978-C29FC3A9D522}.Release|Any CPU.Build.0 = Release|Any CPU
		{4D731671-313E-4A23-8496-70B91ACC49CC}.Debug|Any CPU.ActiveCfg = Debug|Any CPU
		{4D731671-313E-4A23-8496-70B91ACC49CC}.Debug|Any CPU.Build.0 = Debug|Any CPU
		{4D731671-313E-4A23-8496-70B91ACC49CC}.Release|Any CPU.ActiveCfg = Release|Any CPU
		{4D731671-313E-4A23-8496-70B91ACC49CC}.Release|Any CPU.Build.0 = Release|Any CPU
		{3C6B14EF-0529-439E-8475-0AF0A209AE05}.Debug|Any CPU.ActiveCfg = Debug|Any CPU
		{3C6B14EF-0529-439E-8475-0AF0A209AE05}.Debug|Any CPU.Build.0 = Debug|Any CPU
		{3C6B14EF-0529-439E-8475-0AF0A209AE05}.Release|Any CPU.ActiveCfg = Release|Any CPU
		{3C6B14EF-0529-439E-8475-0AF0A209AE05}.Release|Any CPU.Build.0 = Release|Any CPU
	EndGlobalSection
	GlobalSection(SolutionProperties) = preSolution
		HideSolutionNode = FALSE
	EndGlobalSection
	GlobalSection(ExtensibilityGlobals) = postSolution
		SolutionGuid = {CFD3B179-8E66-4EEB-AF2B-748ED15CEBA8}
	EndGlobalSection
EndGlobal
